// !$*UTF8*$!
{
	archiveVersion = 1;
	classes = {
	};
	objectVersion = 60;
	objects = {

/* Begin PBXBuildFile section */
		C3A4A2E229F8A2B100000020 /* AntDashApp.swift in Sources */ = {isa = PBXBuildFile; fileRef = C3A4A2E229F8A2B100000010 /* AntDashApp.swift */; };
		C3A4A2E229F8A2B100000021 /* FlowCoordinatorView.swift in Sources */ = {isa = PBXBuildFile; fileRef = C3A4A2E229F8A2B100000011 /* FlowCoordinatorView.swift */; };
		C3A4A2E229F8A2B100000022 /* SplashView.swift in Sources */ = {isa = PBXBuildFile; fileRef = C3A4A2E229F8A2B100000012 /* SplashView.swift */; };
		C3A4A2E229F8A2B100000023 /* HomeView.swift in Sources */ = {isa = PBXBuildFile; fileRef = C3A4A2E229F8A2B100000013 /* HomeView.swift */; };
		C3A4A2E229F8A2B100000024 /* GameView.swift in Sources */ = {isa = PBXBuildFile; fileRef = C3A4A2E229F8A2B100000014 /* GameView.swift */; };
		C3A4A2E229F8A2B100000025 /* StageChangeView.swift in Sources */ = {isa = PBXBuildFile; fileRef = C3A4A2E229F8A2B100000015 /* StageChangeView.swift */; };
		C3A4A2E229F8A2B100000026 /* GameClearView.swift in Sources */ = {isa = PBXBuildFile; fileRef = C3A4A2E229F8A2B100000016 /* GameClearView.swift */; };
		C3A4A2E229F8A2B100000027 /* Assets.xcassets in Resources */ = {isa = PBXBuildFile; fileRef = C3A4A2E229F8A2B100000017 /* Assets.xcassets */; };
/* End PBXBuildFile section */

/* Begin PBXFileReference section */
		C3A4A2E229F8A2B100000010 /* AntDashApp.swift */ = {isa = PBXFileReference; lastKnownFileType = sourcecode.swift; path = AntDashApp.swift; sourceTree = "<group>"; };
		C3A4A2E229F8A2B100000011 /* FlowCoordinatorView.swift */ = {isa = PBXFileReference; lastKnownFileType = sourcecode.swift; path = FlowCoordinatorView.swift; sourceTree = "<group>"; };
		C3A4A2E229F8A2B100000012 /* SplashView.swift */ = {isa = PBXFileReference; lastKnownFileType = sourcecode.swift; path = SplashView.swift; sourceTree = "<group>"; };
		C3A4A2E229F8A2B100000013 /* HomeView.swift */ = {isa = PBXFileReference; lastKnownFileType = sourcecode.swift; path = HomeView.swift; sourceTree = "<group>"; };
		C3A4A2E229F8A2B100000014 /* GameView.swift */ = {isa = PBXFileReference; lastKnownFileType = sourcecode.swift; path = GameView.swift; sourceTree = "<group>"; };
		C3A4A2E229F8A2B100000015 /* StageChangeView.swift */ = {isa = PBXFileReference; lastKnownFileType = sourcecode.swift; path = StageChangeView.swift; sourceTree = "<group>"; };
		C3A4A2E229F8A2B100000016 /* GameClearView.swift */ = {isa = PBXFileReference; lastKnownFileType = sourcecode.swift; path = GameClearView.swift; sourceTree = "<group>"; };
		C3A4A2E229F8A2B100000017 /* Assets.xcassets */ = {isa = PBXFileReference; lastKnownFileType = folder.assetcatalog; path = Assets.xcassets; sourceTree = "<group>"; };
		C3A4A2E229F8A2B100000018 /* Info.plist */ = {isa = PBXFileReference; lastKnownFileType = text.plist.xml; path = Info.plist; sourceTree = "<group>"; };
		C3A4A2E229F8A2B10000002F /* アリんこダッシュ.app */ = {isa = PBXFileReference; explicitFileType = wrapper.application; includeInIndex = 0; path = "アリんこダッシュ.app"; sourceTree = BUILT_PRODUCTS_DIR; };
/* End PBXFileReference section */

/* Begin PBXFrameworksBuildPhase section */
		C3A4A2E229F8A2B100000005 /* Frameworks */ = {
			isa = PBXFrameworksBuildPhase;
			buildActionMask = 2147483647;
			files = (
			);
			runOnlyForDeploymentPostprocessing = 0;
		};
/* End PBXFrameworksBuildPhase section */

/* Begin PBXGroup section */
		C3A4A2E229F8A2B100000001 = {
			isa = PBXGroup;
			children = (
				C3A4A2E229F8A2B10000000D /* AntDash */,
				C3A4A2E229F8A2B100000003 /* Products */,
			);
			sourceTree = "<group>";
		};
		C3A4A2E229F8A2B100000003 /* Products */ = {
			isa = PBXGroup;
			children = (
				C3A4A2E229F8A2B10000002F /* アリんこダッシュ.app */,
			);
			name = Products;
			sourceTree = "<group>";
		};
		C3A4A2E229F8A2B10000000D /* AntDash */ = {
			isa = PBXGroup;
			children = (
				C3A4A2E229F8A2B100000010 /* AntDashApp.swift */,
				C3A4A2E229F8A2B10000000E /* Views */,
				C3A4A2E229F8A2B100000017 /* Assets.xcassets */,
				C3A4A2E229F8A2B100000018 /* Info.plist */,
			);
			path = AntDash;
			sourceTree = "<group>";
		};
		C3A4A2E229F8A2B10000000E /* Views */ = {
			isa = PBXGroup;
			children = (
				C3A4A2E229F8A2B100000011 /* FlowCoordinatorView.swift */,
				C3A4A2E229F8A2B100000012 /* SplashView.swift */,
				C3A4A2E229F8A2B100000013 /* HomeView.swift */,
				C3A4A2E229F8A2B100000014 /* GameView.swift */,
				C3A4A2E229F8A2B100000015 /* StageChangeView.swift */,
				C3A4A2E229F8A2B100000016 /* GameClearView.swift */,
			);
			path = Views;
			sourceTree = "<group>";
		};
/* End PBXGroup section */

/* Begin PBXNativeTarget section */
		C3A4A2E229F8A2B100000002 /* AntDash */ = {
			isa = PBXNativeTarget;
			buildConfigurationList = C3A4A2E229F8A2B100000008 /* Build configuration list for PBXNativeTarget "AntDash" */;
			buildPhases = (
				C3A4A2E229F8A2B100000004 /* Sources */,
				C3A4A2E229F8A2B100000005 /* Frameworks */,
				C3A4A2E229F8A2B100000006 /* Resources */,
			);
			buildRules = (
			);
			dependencies = (
			);
			name = AntDash;
			productName = AntDash;
			productReference = C3A4A2E229F8A2B10000002F /* アリんこダッシュ.app */;
			productType = "com.apple.product-type.application";
		};
/* End PBXNativeTarget section */

/* Begin PBXProject section */
		C3A4A2E229F8A2B100000000 /* Project object */ = {
			isa = PBXProject;
			attributes = {
				BuildIndependentTargetsInParallel = YES;
				LastSwiftUpdateCheck = 1500;
				LastUpgradeCheck = 1500;
				TargetAttributes = {
					C3A4A2E229F8A2B100000002 = {
						CreatedOnToolsVersion = 15.0;
					};
				};
			};
			buildConfigurationList = C3A4A2E229F8A2B100000007 /* Build configuration list for PBXProject "AntDash" */;
			compatibilityVersion = "Xcode 15.0";
			developmentRegion = en;
			hasScannedForEncodings = 0;
			knownRegions = (
				en,
				Base,
			);
			mainGroup = C3A4A2E229F8A2B100000001;
			productRefGroup = C3A4A2E229F8A2B100000003 /* Products */;
			projectDirPath = "";
			projectRoot = "";
			targets = (
				C3A4A2E229F8A2B100000002 /* AntDash */,
			);
		};
/* End PBXProject section */

/* Begin PBXResourcesBuildPhase section */
		C3A4A2E229F8A2B100000006 /* Resources */ = {
			isa = PBXResourcesBuildPhase;
			buildActionMask = 2147483647;
			files = (
				C3A4A2E229F8A2B100000027 /* Assets.xcassets in Resources */,
			);
			runOnlyForDeploymentPostprocessing = 0;
		};
/* End PBXResourcesBuildPhase section */

/* Begin PBXSourcesBuildPhase section */
		C3A4A2E229F8A2B100000004 /* Sources */ = {
			isa = PBXSourcesBuildPhase;
			buildActionMask = 2147483647;
			files = (
				C3A4A2E229F8A2B100000026 /* GameClearView.swift in Sources */,
				C3A4A2E229F8A2B100000023 /* HomeView.swift in Sources */,
				C3A4A2E229F8A2B100000020 /* AntDashApp.swift in Sources */,
				C3A4A2E229F8A2B100000024 /* GameView.swift in Sources */,
				C3A4A2E229F8A2B100000021 /* FlowCoordinatorView.swift in Sources */,
				C3A4A2E229F8A2B100000025 /* StageChangeView.swift in Sources */,
				C3A4A2E229F8A2B100000022 /* SplashView.swift in Sources */,
			);
			runOnlyForDeploymentPostprocessing = 0;
		};
/* End PBXSourcesBuildPhase section */

/* Begin XCBuildConfiguration section */
		C3A4A2E229F8A2B100000009 /* Debug */ = {
			isa = XCBuildConfiguration;
			buildSettings = {
				CLANG_ANALYZER_NONNULL = YES;
				CLANG_ANALYZER_NUMBER_OBJECT_CONVERSION = YES_AGGRESSIVE;
				CLANG_CXX_LANGUAGE_STANDARD = "gnu++20";
				CLANG_ENABLE_MODULES = YES;
				CLANG_ENABLE_OBJC_ARC = YES;
				CLANG_WARN_BLOCK_CAPTURE_AUTORELEASING = YES;
				CLANG_WARN_BOOL_CONVERSION = YES;
				CLANG_WARN_COMMA = YES;
				CLANG_WARN_CONSTANT_CONVERSION = YES;
				CLANG_WARN_DEPRECATED_OBJC_IMPLEMENTATIONS = YES;
				CLANG_WARN_DIRECT_OBJC_ISA_USAGE = YES_ERROR;
				CLANG_WARN_DOCUMENTATION_COMMENTS = YES;
				CLANG_WARN_EMPTY_BODY = YES;
				CLANG_WARN_ENUM_CONVERSION = YES;
				CLANG_WARN_INFINITE_RECURSION = YES;
				CLANG_WARN_INT_CONVERSION = YES;
				CLANG_WARN_NON_LITERAL_NULL_CONVERSION = YES;
				CLANG_WARN_OBJC_IMPLICIT_RETAIN_SELF = YES;
				CLANG_WARN_OBJC_LITERAL_CONVERSION = YES;
				CLANG_WARN_QUOTED_INCLUDE_IN_FRAMEWORK_HEADER = YES;
				CLANG_WARN_RANGE_LOOP_ANALYSIS = YES;
				CLANG_WARN_STRICT_PROTOTYPES = YES;
				CLANG_WARN_SUSPICIOUS_MOVE = YES;
				CLANG_WARN_UNGUARDED_AVAILABILITY = YES_AGGRESSIVE;
				CODE_SIGN_STYLE = Automatic;
				COPY_PHASE_STRIP = NO;
				DEBUG_INFORMATION_FORMAT = dwarf;
				ENABLE_STRICT_OBJC_MSGSEND = YES;
				ENABLE_TESTABILITY = YES;
				GCC_C_LANGUAGE_STANDARD = gnu17;
				GCC_NO_COMMON_BLOCKS = YES;
				GCC_WARN_64_TO_32_BIT_CONVERSION = YES;
				GCC_WARN_ABOUT_RETURN_TYPE = YES_ERROR;
				GCC_WARN_UNDECLARED_SELECTOR = YES;
				GCC_WARN_UNINITIALIZED_AUTOS = YES_AGGRESSIVE;
				GCC_WARN_UNUSED_FUNCTION = YES;
				GCC_WARN_UNUSED_VARIABLE = YES;
				IPHONEOS_DEPLOYMENT_TARGET = 15.0;
				MTL_ENABLE_DEBUG_INFO = INCLUDE_SOURCE;
				MTL_FAST_MATH = YES;
				ONLY_ACTIVE_ARCH = YES;
				SDKROOT = iphoneos;
			};
			name = Debug;
		};
		C3A4A2E229F8A2B10000000A /* Release */ = {
			isa = XCBuildConfiguration;
			buildSettings = {
				CLANG_ANALYZER_NONNULL = YES;
				CLANG_ANALYZER_NUMBER_OBJECT_CONVERSION = YES_AGGRESSIVE;
				CLANG_CXX_LANGUAGE_STANDARD = "gnu++20";
				CLANG_ENABLE_MODULES = YES;
				CLANG_ENABLE_OBJC_ARC = YES;
				CLANG_WARN_BLOCK_CAPTURE_AUTORELEASING = YES;
				CLANG_WARN_BOOL_CONVERSION = YES;
				CLANG_WARN_COMMA = YES;
				CLANG_WARN_CONSTANT_CONVERSION = YES;
				CLANG_WARN_DEPRECATED_OBJC_IMPLEMENTATIONS = YES;
				CLANG_WARN_DIRECT_OBJC_ISA_USAGE = YES_ERROR;
				CLANG_WARN_DOCUMENTATION_COMMENTS = YES;
				CLANG_WARN_EMPTY_BODY = YES;
				CLANG_WARN_ENUM_CONVERSION = YES;
				CLANG_WARN_INFINITE_RECURSION = YES;
				CLANG_WARN_INT_CONVERSION = YES;
				CLANG_WARN_NON_LITERAL_NULL_CONVERSION = YES;
				CLANG_WARN_OBJC_IMPLICIT_RETAIN_SELF = YES;
				CLANG_WARN_OBJC_LITERAL_CONVERSION = YES;
				CLANG_WARN_QUOTED_INCLUDE_IN_FRAMEWORK_HEADER = YES;
				CLANG_WARN_RANGE_LOOP_ANALYSIS = YES;
				CLANG_WARN_STRICT_PROTOTYPES = YES;
				CLANG_WARN_SUSPICIOUS_MOVE = YES;
				CLANG_WARN_UNGUARDED_AVAILABILITY = YES_AGGRESSIVE;
				CODE_SIGN_STYLE = Automatic;
				COPY_PHASE_STRIP = NO;
				DEBUG_INFORMATION_FORMAT = "dwarf-with-dsym";
				ENABLE_NS_ASSERTIONS = NO;
				ENABLE_STRICT_OBJC_MSGSEND = YES;
				GCC_C_LANGUAGE_STANDARD = gnu17;
				GCC_NO_COMMON_BLOCKS = YES;
				GCC_WARN_64_TO_32_BIT_CONVERSION = YES;
				GCC_WARN_ABOUT_RETURN_TYPE = YES_ERROR;
				GCC_WARN_UNDECLARED_SELECTOR = YES;
				GCC_WARN_UNINITIALIZED_AUTOS = YES_AGGRESSIVE;
				GCC_WARN_UNUSED_FUNCTION = YES;
				GCC_WARN_UNUSED_VARIABLE = YES;
				IPHONEOS_DEPLOYMENT_TARGET = 15.0;
				MTL_ENABLE_DEBUG_INFO = NO;
				MTL_FAST_MATH = YES;
				SDKROOT = iphoneos;
				VALIDATE_PRODUCT = YES;
			};
			name = Release;
		};
		C3A4A2E229F8A2B10000000B /* Debug */ = {
			isa = XCBuildConfiguration;
			buildSettings = {
				ASSETCATALOG_COMPILER_APPICON_NAME = AppIcon;
				ASSETCATALOG_COMPILER_GLOBAL_ACCENT_COLOR_NAME = AccentColor;
				CODE_SIGN_STYLE = Automatic;
				CURRENT_PROJECT_VERSION = 1;
				DEVELOPMENT_TEAM = "";
				ENABLE_APP_SANDBOX = YES;
				ENABLE_HARDENED_RUNTIME = YES;
				ENABLE_OUTGOING_NETWORK_CONNECTIONS = YES;
				ENABLE_PREVIEWS = YES;
				GENERATE_INFOPLIST_FILE = NO;
				INFOPLIST_FILE = AntDash/Info.plist;
				IPHONEOS_DEPLOYMENT_TARGET = 15.0;
				LD_RUNPATH_SEARCH_PATHS = (
					"$(inherited)",
					"@executable_path/Frameworks",
				);
				MARKETING_VERSION = 1.0;
				PRODUCT_BUNDLE_IDENTIFIER = AntDash.app;
				PRODUCT_NAME = "アリんこダッシュ";
				REGISTER_APP_GROUPS = YES;
				SUPPORTED_PLATFORMS = "iphoneos iphonesimulator";
				SUPPORTS_MACCATALYST = NO;
				SUPPORTS_MAC_DESIGNED_FOR_IPHONE_IPAD = NO;
				SWIFT_EMIT_LOC_STRINGS = YES;
				SWIFT_VERSION = 5.0;
				TARGETED_DEVICE_FAMILY = 1;
			};
			name = Debug;
		};
		C3A4A2E229F8A2B10000000C /* Release */ = {
			isa = XCBuildConfiguration;
			buildSettings = {
				ASSETCATALOG_COMPILER_APPICON_NAME = AppIcon;
				ASSETCATALOG_COMPILER_GLOBAL_ACCENT_COLOR_NAME = AccentColor;
				CODE_SIGN_STYLE = Automatic;
				CURRENT_PROJECT_VERSION = 1;
				DEVELOPMENT_TEAM = "";
				ENABLE_APP_SANDBOX = YES;
				ENABLE_HARDENED_RUNTIME = YES;
				ENABLE_OUTGOING_NETWORK_CONNECTIONS = YES;
				ENABLE_PREVIEWS = YES;
				GENERATE_INFOPLIST_FILE = NO;
				INFOPLIST_FILE = AntDash/Info.plist;
				IPHONEOS_DEPLOYMENT_TARGET = 15.0;
				LD_RUNPATH_SEARCH_PATHS = (
					"$(inherited)",
					"@executable_path/Frameworks",
				);
				MARKETING_VERSION = 1.0;
				PRODUCT_BUNDLE_IDENTIFIER = AntDash.app;
				PRODUCT_NAME = "アリんこダッシュ";
				REGISTER_APP_GROUPS = YES;
				SUPPORTED_PLATFORMS = "iphoneos iphonesimulator";
				SUPPORTS_MACCATALYST = NO;
				SUPPORTS_MAC_DESIGNED_FOR_IPHONE_IPAD = NO;
				SWIFT_EMIT_LOC_STRINGS = YES;
				SWIFT_VERSION = 5.0;
				TARGETED_DEVICE_FAMILY = 1;
			};
			name = Release;
		};
/* End XCBuildConfiguration section */

/* Begin XCConfigurationList section */
		C3A4A2E229F8A2B100000007 /* Build configuration list for PBXProject "AntDash" */ = {
			isa = XCConfigurationList;
			buildConfigurations = (
				C3A4A2E229F8A2B100000009 /* Debug */,
				C3A4A2E229F8A2B10000000A /* Release */,
			);
			defaultConfigurationIsVisible = 0;
			defaultConfigurationName = Release;
		};
		C3A4A2E229F8A2B100000008 /* Build configuration list for PBXNativeTarget "AntDash" */ = {
			isa = XCConfigurationList;
			buildConfigurations = (
				C3A4A2E229F8A2B10000000B /* Debug */,
				C3A4A2E229F8A2B10000000C /* Release */,
			);
			defaultConfigurationIsVisible = 0;
			defaultConfigurationName = Release;
		};
/* End XCConfigurationList section */
	};
	rootObject = C3A4A2E229F8A2B100000000 /* Project object */;
}
