// !$*UTF8*$!
{
	archiveVersion = 1;
	classes = {
	};
	objectVersion = 60;
	objects = {

/* Begin PBXBuildFile section */
		C3A4A2E229F8A2B100000020 /* ForestCymbalMusicAppApp.swift in Sources */ = {isa = PBXBuildFile; fileRef = C3A4A2E229F8A2B100000010 /* ForestCymbalMusicAppApp.swift */; };
		C3A4A2E229F8A2B100000021 /* FlowCoordinatorView.swift in Sources */ = {isa = PBXBuildFile; fileRef = C3A4A2E229F8A2B100000011 /* FlowCoordinatorView.swift */; };
		C3A4A2E229F8A2B100000022 /* SplashView.swift in Sources */ = {isa = PBXBuildFile; fileRef = C3A4A2E229F8A2B100000012 /* SplashView.swift */; };
		C3A4A2E229F8A2B100000023 /* HomeView.swift in Sources */ = {isa = PBXBuildFile; fileRef = C3A4A2E229F8A2B100000013 /* HomeView.swift */; };
		C3A4A2E229F8A2B100000024 /* GameView.swift in Sources */ = {isa = PBXBuildFile; fileRef = C3A4A2E229F8A2B100000014 /* GameView.swift */; };
		C3A4A2E229F8A2B100000025 /* StageChangeView.swift in Sources */ = {isa = PBXBuildFile; fileRef = C3A4A2E229F8A2B100000015 /* StageChangeView.swift */; };
		C3A4A2E229F8A2B100000026 /* GameClearView.swift in Sources */ = {isa = PBXBuildFile; fileRef = C3A4A2E229F8A2B100000016 /* GameClearView.swift */; };
		C3A4A2E229F8A2B100000027 /* Assets.xcassets in Resources */ = {isa = PBXBuildFile; fileRef = C3A4A2E229F8A2B100000017 /* Assets.xcassets */; };
		C3A4A2E229F8A2B100000028 /* Preview Assets.xcassets in Resources */ = {isa = PBXBuildFile; fileRef = C3A4A2E229F8A2B100000019 /* Preview Assets.xcassets */; };
		C3F1E4012C8EFA0100000050 /* RakutenRewardManager.swift in Sources */ = {isa = PBXBuildFile; fileRef = C3F1E4002C8EFA0100000050 /* RakutenRewardManager.swift */; };
		C3F1E4052C8EFB4C00000051 /* RakutenRewardSDK in Frameworks */ = {isa = PBXBuildFile; productRef = C3F1E4042C8EFB4C00000051 /* RakutenRewardSDK */; };
		C3F1E4072C8F0C4E00000060 /* AdjustManager.swift in Sources */ = {isa = PBXBuildFile; fileRef = C3F1E4062C8F0C4E00000060 /* AdjustManager.swift */; };
		C3F1E4092C8F0CF200000061 /* Adjust in Frameworks */ = {isa = PBXBuildFile; productRef = C3F1E4082C8F0CF200000061 /* Adjust */; };
		C3F1E40C2C8F159B00000062 /* TrackingAuthorizationManager.swift in Sources */ = {isa = PBXBuildFile; fileRef = C3F1E40B2C8F159B00000062 /* TrackingAuthorizationManager.swift */; };
/* End PBXBuildFile section */

/* Begin PBXFileReference section */
		C3A4A2E229F8A2B100000010 /* ForestCymbalMusicAppApp.swift */ = {isa = PBXFileReference; lastKnownFileType = sourcecode.swift; path = ForestCymbalMusicAppApp.swift; sourceTree = "<group>"; };
		C3A4A2E229F8A2B100000011 /* FlowCoordinatorView.swift */ = {isa = PBXFileReference; lastKnownFileType = sourcecode.swift; path = FlowCoordinatorView.swift; sourceTree = "<group>"; };
		C3A4A2E229F8A2B100000012 /* SplashView.swift */ = {isa = PBXFileReference; lastKnownFileType = sourcecode.swift; path = SplashView.swift; sourceTree = "<group>"; };
		C3A4A2E229F8A2B100000013 /* HomeView.swift */ = {isa = PBXFileReference; lastKnownFileType = sourcecode.swift; path = HomeView.swift; sourceTree = "<group>"; };
		C3A4A2E229F8A2B100000014 /* GameView.swift */ = {isa = PBXFileReference; lastKnownFileType = sourcecode.swift; path = GameView.swift; sourceTree = "<group>"; };
		C3A4A2E229F8A2B100000015 /* StageChangeView.swift */ = {isa = PBXFileReference; lastKnownFileType = sourcecode.swift; path = StageChangeView.swift; sourceTree = "<group>"; };
		C3A4A2E229F8A2B100000016 /* GameClearView.swift */ = {isa = PBXFileReference; lastKnownFileType = sourcecode.swift; path = GameClearView.swift; sourceTree = "<group>"; };
		C3A4A2E229F8A2B100000017 /* Assets.xcassets */ = {isa = PBXFileReference; lastKnownFileType = folder.assetcatalog; path = Assets.xcassets; sourceTree = "<group>"; };
		C3A4A2E229F8A2B100000018 /* Info.plist */ = {isa = PBXFileReference; lastKnownFileType = text.plist.xml; path = Info.plist; sourceTree = "<group>"; };
		C3A4A2E229F8A2B100000019 /* Preview Assets.xcassets */ = {isa = PBXFileReference; lastKnownFileType = folder.assetcatalog; path = "Preview Assets.xcassets"; sourceTree = "<group>"; };
		C3A4A2E229F8A2B10000002F /* 森のシンバル音楽会.app */ = {isa = PBXFileReference; explicitFileType = wrapper.application; includeInIndex = 0; path = "森のシンバル音楽会.app"; sourceTree = BUILT_PRODUCTS_DIR; };
		C3F1E4002C8EFA0100000050 /* RakutenRewardManager.swift */ = {isa = PBXFileReference; lastKnownFileType = sourcecode.swift; path = RakutenRewardManager.swift; sourceTree = "<group>"; };
		C3F1E4062C8F0C4E00000060 /* AdjustManager.swift */ = {isa = PBXFileReference; lastKnownFileType = sourcecode.swift; path = AdjustManager.swift; sourceTree = "<group>"; };
		C3F1E40B2C8F159B00000062 /* TrackingAuthorizationManager.swift */ = {isa = PBXFileReference; lastKnownFileType = sourcecode.swift; path = TrackingAuthorizationManager.swift; sourceTree = "<group>"; };
/* End PBXFileReference section */

/* Begin PBXFrameworksBuildPhase section */
		C3A4A2E229F8A2B100000005 /* Frameworks */ = {
			isa = PBXFrameworksBuildPhase;
			buildActionMask = 2147483647;
			files = (
				C3F1E4092C8F0CF200000061 /* Adjust in Frameworks */,
				C3F1E4052C8EFB4C00000051 /* RakutenRewardSDK in Frameworks */,
			);
			runOnlyForDeploymentPostprocessing = 0;
		};
/* End PBXFrameworksBuildPhase section */

/* Begin PBXGroup section */
		C3A4A2E229F8A2B100000001 = {
			isa = PBXGroup;
			children = (
				C3A4A2E229F8A2B10000000D /* ForestCymbalMusicApp */,
				C3A4A2E229F8A2B100000003 /* Products */,
			);
			sourceTree = "<group>";
		};
		C3A4A2E229F8A2B100000003 /* Products */ = {
			isa = PBXGroup;
			children = (
				C3A4A2E229F8A2B10000002F /* 森のシンバル音楽会.app */,
			);
			name = Products;
			sourceTree = "<group>";
		};
		C3A4A2E229F8A2B10000000D /* ForestCymbalMusicApp */ = {
			isa = PBXGroup;
			children = (
				C3A4A2E229F8A2B100000010 /* ForestCymbalMusicAppApp.swift */,
				C3F1E4062C8F0C4E00000060 /* AdjustManager.swift */,
				C3F1E40B2C8F159B00000062 /* TrackingAuthorizationManager.swift */,
				C3F1E4002C8EFA0100000050 /* RakutenRewardManager.swift */,
				C3A4A2E229F8A2B10000000E /* Views */,
				C3A4A2E229F8A2B100000017 /* Assets.xcassets */,
				C3A4A2E229F8A2B100000018 /* Info.plist */,
				C3A4A2E229F8A2B10000001A /* Preview Content */,
			);
			path = ForestCymbalMusicApp;
			sourceTree = "<group>";
		};
		C3A4A2E229F8A2B10000000E /* Views */ = {
			isa = PBXGroup;
			children = (
				C3A4A2E229F8A2B100000011 /* FlowCoordinatorView.swift */,
				C3A4A2E229F8A2B100000012 /* SplashView.swift */,
				C3A4A2E229F8A2B100000013 /* HomeView.swift */,
				C3A4A2E229F8A2B100000014 /* GameView.swift */,
				C3A4A2E229F8A2B100000015 /* StageChangeView.swift */,
				C3A4A2E229F8A2B100000016 /* GameClearView.swift */,
			);
			path = Views;
			sourceTree = "<group>";
		};
		C3A4A2E229F8A2B10000001A /* Preview Content */ = {
			isa = PBXGroup;
			children = (
				C3A4A2E229F8A2B100000019 /* Preview Assets.xcassets */,
			);
			path = "Preview Content";
			sourceTree = "<group>";
		};
/* End PBXGroup section */

/* Begin PBXNativeTarget section */
		C3A4A2E229F8A2B100000002 /* ForestCymbalMusicApp */ = {
			isa = PBXNativeTarget;
			buildConfigurationList = C3A4A2E229F8A2B100000008 /* Build configuration list for PBXNativeTarget "ForestCymbalMusicApp" */;
			buildPhases = (
				C3A4A2E229F8A2B100000004 /* Sources */,
				C3A4A2E229F8A2B100000005 /* Frameworks */,
				C3A4A2E229F8A2B100000006 /* Resources */,
			);
			buildRules = (
			);
			dependencies = (
			);
			packageProductDependencies = (
				C3F1E4082C8F0CF200000061 /* Adjust */,
				C3F1E4042C8EFB4C00000051 /* RakutenRewardSDK */,
			);
			name = ForestCymbalMusicApp;
			productName = ForestCymbalMusicApp;
			productReference = C3A4A2E229F8A2B10000002F /* 森のシンバル音楽会.app */;
			productType = "com.apple.product-type.application";
		};
/* End PBXNativeTarget section */

/* Begin PBXProject section */
		C3A4A2E229F8A2B100000000 /* Project object */ = {
			isa = PBXProject;
			attributes = {
				BuildIndependentTargetsInParallel = YES;
				LastSwiftUpdateCheck = 1500;
				LastUpgradeCheck = 1500;
				TargetAttributes = {
					C3A4A2E229F8A2B100000002 = {
						CreatedOnToolsVersion = 15.0;
					};
				};
			};
			buildConfigurationList = C3A4A2E229F8A2B100000007 /* Build configuration list for PBXProject "ForestCymbalMusicApp" */;
			compatibilityVersion = "Xcode 15.0";
			developmentRegion = en;
			hasScannedForEncodings = 0;
			knownRegions = (
				en,
				Base,
			);
			mainGroup = C3A4A2E229F8A2B100000001;
			productRefGroup = C3A4A2E229F8A2B100000003 /* Products */;
			projectDirPath = "";
			projectRoot = "";
			packageReferences = (
				C3F1E40A2C8F0CF200000061 /* XCRemoteSwiftPackageReference "ios_sdk" */,
				C3F1E4032C8EFB4C00000051 /* XCRemoteSwiftPackageReference "Reward-SDK-iOS-SPM" */,
			);
			targets = (
				C3A4A2E229F8A2B100000002 /* ForestCymbalMusicApp */,
			);
		};
/* End PBXProject section */

/* Begin PBXResourcesBuildPhase section */
		C3A4A2E229F8A2B100000006 /* Resources */ = {
			isa = PBXResourcesBuildPhase;
			buildActionMask = 2147483647;
			files = (
				C3A4A2E229F8A2B100000027 /* Assets.xcassets in Resources */,
				C3A4A2E229F8A2B100000028 /* Preview Assets.xcassets in Resources */,
			);
			runOnlyForDeploymentPostprocessing = 0;
		};
/* End PBXResourcesBuildPhase section */

/* Begin PBXSourcesBuildPhase section */
		C3A4A2E229F8A2B100000004 /* Sources */ = {
			isa = PBXSourcesBuildPhase;
			buildActionMask = 2147483647;
			files = (
				C3A4A2E229F8A2B100000026 /* GameClearView.swift in Sources */,
				C3A4A2E229F8A2B100000023 /* HomeView.swift in Sources */,
				C3A4A2E229F8A2B100000020 /* ForestCymbalMusicAppApp.swift in Sources */,
				C3F1E4072C8F0C4E00000060 /* AdjustManager.swift in Sources */,
				C3F1E40C2C8F159B00000062 /* TrackingAuthorizationManager.swift in Sources */,
				C3F1E4012C8EFA0100000050 /* RakutenRewardManager.swift in Sources */,
				C3A4A2E229F8A2B100000024 /* GameView.swift in Sources */,
				C3A4A2E229F8A2B100000021 /* FlowCoordinatorView.swift in Sources */,
				C3A4A2E229F8A2B100000025 /* StageChangeView.swift in Sources */,
				C3A4A2E229F8A2B100000022 /* SplashView.swift in Sources */,
			);
			runOnlyForDeploymentPostprocessing = 0;
		};
/* End PBXSourcesBuildPhase section */

/* Begin XCBuildConfiguration section */
		C3A4A2E229F8A2B100000009 /* Debug */ = {
			isa = XCBuildConfiguration;
			buildSettings = {
				CLANG_ANALYZER_NONNULL = YES;
				CLANG_ANALYZER_NUMBER_OBJECT_CONVERSION = YES_AGGRESSIVE;
				CLANG_CXX_LANGUAGE_STANDARD = "gnu++20";
				CLANG_ENABLE_MODULES = YES;
				CLANG_ENABLE_OBJC_ARC = YES;
				CLANG_WARN_BLOCK_CAPTURE_AUTORELEASING = YES;
				CLANG_WARN_BOOL_CONVERSION = YES;
				CLANG_WARN_COMMA = YES;
				CLANG_WARN_CONSTANT_CONVERSION = YES;
				CLANG_WARN_DEPRECATED_OBJC_IMPLEMENTATIONS = YES;
				CLANG_WARN_DIRECT_OBJC_ISA_USAGE = YES_ERROR;
				CLANG_WARN_DOCUMENTATION_COMMENTS = YES;
				CLANG_WARN_EMPTY_BODY = YES;
				CLANG_WARN_ENUM_CONVERSION = YES;
				CLANG_WARN_INFINITE_RECURSION = YES;
				CLANG_WARN_INT_CONVERSION = YES;
				CLANG_WARN_NON_LITERAL_NULL_CONVERSION = YES;
				CLANG_WARN_OBJC_IMPLICIT_RETAIN_SELF = YES;
				CLANG_WARN_OBJC_LITERAL_CONVERSION = YES;
				CLANG_WARN_QUOTED_INCLUDE_IN_FRAMEWORK_HEADER = YES;
				CLANG_WARN_RANGE_LOOP_ANALYSIS = YES;
				CLANG_WARN_STRICT_PROTOTYPES = YES;
				CLANG_WARN_SUSPICIOUS_MOVE = YES;
				CLANG_WARN_UNGUARDED_AVAILABILITY = YES_AGGRESSIVE;
				CODE_SIGN_STYLE = Automatic;
				COPY_PHASE_STRIP = NO;
				DEBUG_INFORMATION_FORMAT = dwarf;
				ENABLE_STRICT_OBJC_MSGSEND = YES;
				ENABLE_TESTABILITY = YES;
				GCC_C_LANGUAGE_STANDARD = gnu17;
				GCC_NO_COMMON_BLOCKS = YES;
				GCC_WARN_64_TO_32_BIT_CONVERSION = YES;
				GCC_WARN_ABOUT_RETURN_TYPE = YES_ERROR;
				GCC_WARN_UNDECLARED_SELECTOR = YES;
				GCC_WARN_UNINITIALIZED_AUTOS = YES_AGGRESSIVE;
				GCC_WARN_UNUSED_FUNCTION = YES;
				GCC_WARN_UNUSED_VARIABLE = YES;
				IPHONEOS_DEPLOYMENT_TARGET = 15.0;
				MTL_ENABLE_DEBUG_INFO = INCLUDE_SOURCE;
				MTL_FAST_MATH = YES;
				ONLY_ACTIVE_ARCH = YES;
				SDKROOT = iphoneos;
			};
			name = Debug;
		};
		C3A4A2E229F8A2B10000000A /* Release */ = {
			isa = XCBuildConfiguration;
			buildSettings = {
				CLANG_ANALYZER_NONNULL = YES;
				CLANG_ANALYZER_NUMBER_OBJECT_CONVERSION = YES_AGGRESSIVE;
				CLANG_CXX_LANGUAGE_STANDARD = "gnu++20";
				CLANG_ENABLE_MODULES = YES;
				CLANG_ENABLE_OBJC_ARC = YES;
				CLANG_WARN_BLOCK_CAPTURE_AUTORELEASING = YES;
				CLANG_WARN_BOOL_CONVERSION = YES;
				CLANG_WARN_COMMA = YES;
				CLANG_WARN_CONSTANT_CONVERSION = YES;
				CLANG_WARN_DEPRECATED_OBJC_IMPLEMENTATIONS = YES;
				CLANG_WARN_DIRECT_OBJC_ISA_USAGE = YES_ERROR;
				CLANG_WARN_DOCUMENTATION_COMMENTS = YES;
				CLANG_WARN_EMPTY_BODY = YES;
				CLANG_WARN_ENUM_CONVERSION = YES;
				CLANG_WARN_INFINITE_RECURSION = YES;
				CLANG_WARN_INT_CONVERSION = YES;
				CLANG_WARN_NON_LITERAL_NULL_CONVERSION = YES;
				CLANG_WARN_OBJC_IMPLICIT_RETAIN_SELF = YES;
				CLANG_WARN_OBJC_LITERAL_CONVERSION = YES;
				CLANG_WARN_QUOTED_INCLUDE_IN_FRAMEWORK_HEADER = YES;
				CLANG_WARN_RANGE_LOOP_ANALYSIS = YES;
				CLANG_WARN_STRICT_PROTOTYPES = YES;
				CLANG_WARN_SUSPICIOUS_MOVE = YES;
				CLANG_WARN_UNGUARDED_AVAILABILITY = YES_AGGRESSIVE;
				CODE_SIGN_STYLE = Automatic;
				COPY_PHASE_STRIP = NO;
				DEBUG_INFORMATION_FORMAT = "dwarf-with-dsym";
				ENABLE_NS_ASSERTIONS = NO;
				ENABLE_STRICT_OBJC_MSGSEND = YES;
				GCC_C_LANGUAGE_STANDARD = gnu17;
				GCC_NO_COMMON_BLOCKS = YES;
				GCC_WARN_64_TO_32_BIT_CONVERSION = YES;
				GCC_WARN_ABOUT_RETURN_TYPE = YES_ERROR;
				GCC_WARN_UNDECLARED_SELECTOR = YES;
				GCC_WARN_UNINITIALIZED_AUTOS = YES_AGGRESSIVE;
				GCC_WARN_UNUSED_FUNCTION = YES;
				GCC_WARN_UNUSED_VARIABLE = YES;
				IPHONEOS_DEPLOYMENT_TARGET = 15.0;
				MTL_ENABLE_DEBUG_INFO = NO;
				MTL_FAST_MATH = YES;
				SDKROOT = iphoneos;
				VALIDATE_PRODUCT = YES;
			};
			name = Release;
		};
		C3A4A2E229F8A2B10000000B /* Debug */ = {
			isa = XCBuildConfiguration;
			buildSettings = {
				ASSETCATALOG_COMPILER_APPICON_NAME = AppIcon;
				ASSETCATALOG_COMPILER_GLOBAL_ACCENT_COLOR_NAME = AccentColor;
				CODE_SIGN_STYLE = Automatic;
				CURRENT_PROJECT_VERSION = 1;
				DEVELOPMENT_ASSET_PATHS = "\"ForestCymbalMusicApp/Preview Content\"";
				DEVELOPMENT_TEAM = "";
				ENABLE_APP_SANDBOX = YES;
				ENABLE_HARDENED_RUNTIME = YES;
				ENABLE_OUTGOING_NETWORK_CONNECTIONS = YES;
				ENABLE_PREVIEWS = YES;
				GENERATE_INFOPLIST_FILE = NO;
				INFOPLIST_FILE = ForestCymbalMusicApp/Info.plist;
				IPHONEOS_DEPLOYMENT_TARGET = 15.0;
				LD_RUNPATH_SEARCH_PATHS = (
					"$(inherited)",
					"@executable_path/Frameworks",
				);
				MARKETING_VERSION = 1.0;
				PRODUCT_BUNDLE_IDENTIFIER = forestscymbal.app;
				PRODUCT_NAME = "森のシンバル音楽会";
				REGISTER_APP_GROUPS = YES;
				SUPPORTED_PLATFORMS = "iphoneos iphonesimulator";
				SUPPORTS_MACCATALYST = NO;
				SUPPORTS_MAC_DESIGNED_FOR_IPHONE_IPAD = NO;
				SWIFT_EMIT_LOC_STRINGS = YES;
				SWIFT_VERSION = 5.0;
				TARGETED_DEVICE_FAMILY = 1;
			};
			name = Debug;
		};
		C3A4A2E229F8A2B10000000C /* Release */ = {
			isa = XCBuildConfiguration;
			buildSettings = {
				ASSETCATALOG_COMPILER_APPICON_NAME = AppIcon;
				ASSETCATALOG_COMPILER_GLOBAL_ACCENT_COLOR_NAME = AccentColor;
				CODE_SIGN_STYLE = Automatic;
				CURRENT_PROJECT_VERSION = 1;
				DEVELOPMENT_ASSET_PATHS = "\"ForestCymbalMusicApp/Preview Content\"";
				DEVELOPMENT_TEAM = "";
				ENABLE_APP_SANDBOX = YES;
				ENABLE_HARDENED_RUNTIME = YES;
				ENABLE_OUTGOING_NETWORK_CONNECTIONS = YES;
				ENABLE_PREVIEWS = YES;
				GENERATE_INFOPLIST_FILE = NO;
				INFOPLIST_FILE = ForestCymbalMusicApp/Info.plist;
				IPHONEOS_DEPLOYMENT_TARGET = 15.0;
				LD_RUNPATH_SEARCH_PATHS = (
					"$(inherited)",
					"@executable_path/Frameworks",
				);
				MARKETING_VERSION = 1.0;
				PRODUCT_BUNDLE_IDENTIFIER = forestscymbal.app;
				PRODUCT_NAME = "森のシンバル音楽会";
				REGISTER_APP_GROUPS = YES;
				SUPPORTED_PLATFORMS = "iphoneos iphonesimulator";
				SUPPORTS_MACCATALYST = NO;
				SUPPORTS_MAC_DESIGNED_FOR_IPHONE_IPAD = NO;
				SWIFT_EMIT_LOC_STRINGS = YES;
				SWIFT_VERSION = 5.0;
				TARGETED_DEVICE_FAMILY = 1;
			};
			name = Release;
		};
/* End XCBuildConfiguration section */

/* Begin XCRemoteSwiftPackageReference section */
		C3F1E40A2C8F0CF200000061 /* XCRemoteSwiftPackageReference "ios_sdk" */ = {
			isa = XCRemoteSwiftPackageReference;
			repositoryURL = "https://github.com/adjust/ios_sdk.git";
			requirement = {
				kind = upToNextMajorVersion;
				minimumVersion = 4.38.4;
			};
		};
		C3F1E4032C8EFB4C00000051 /* XCRemoteSwiftPackageReference "Reward-SDK-iOS-SPM" */ = {
			isa = XCRemoteSwiftPackageReference;
			repositoryURL = "https://github.com/Rakuten-Reward-SDK/Reward-SDK-iOS-SPM.git";
			requirement = {
				kind = exactVersion;
				version = 12.0.0;
			};
		};
/* End XCRemoteSwiftPackageReference section */

/* Begin XCSwiftPackageProductDependency section */
		C3F1E4082C8F0CF200000061 /* Adjust */ = {
			isa = XCSwiftPackageProductDependency;
			package = C3F1E40A2C8F0CF200000061 /* XCRemoteSwiftPackageReference "ios_sdk" */;
			productName = Adjust;
		};
		C3F1E4042C8EFB4C00000051 /* RakutenRewardSDK */ = {
			isa = XCSwiftPackageProductDependency;
			package = C3F1E4032C8EFB4C00000051 /* XCRemoteSwiftPackageReference "Reward-SDK-iOS-SPM" */;
			productName = RakutenRewardSDK;
		};
/* End XCSwiftPackageProductDependency section */

/* Begin XCConfigurationList section */
		C3A4A2E229F8A2B100000007 /* Build configuration list for PBXProject "ForestCymbalMusicApp" */ = {
			isa = XCConfigurationList;
			buildConfigurations = (
				C3A4A2E229F8A2B100000009 /* Debug */,
				C3A4A2E229F8A2B10000000A /* Release */,
			);
			defaultConfigurationIsVisible = 0;
			defaultConfigurationName = Release;
		};
		C3A4A2E229F8A2B100000008 /* Build configuration list for PBXNativeTarget "ForestCymbalMusicApp" */ = {
			isa = XCConfigurationList;
			buildConfigurations = (
				C3A4A2E229F8A2B10000000B /* Debug */,
				C3A4A2E229F8A2B10000000C /* Release */,
			);
			defaultConfigurationIsVisible = 0;
			defaultConfigurationName = Release;
		};
/* End XCConfigurationList section */
	};
	rootObject = C3A4A2E229F8A2B100000000 /* Project object */;
}
