// !$*UTF8*$!
{
	archiveVersion = 1;
	classes = {
	};
	objectVersion = 60;
	objects = {

/* Begin PBXBuildFile section */
		A1B01C5E2F1A000100000001 /* SambaDeLadybugApp.swift in Sources */ = {isa = PBXBuildFile; fileRef = A1B01C432F1A000100000001 /* SambaDeLadybugApp.swift */; };
		A1B01C5E2F1A000100000002 /* AppFlowViewModel.swift in Sources */ = {isa = PBXBuildFile; fileRef = A1B01C432F1A000100000002 /* AppFlowViewModel.swift */; };
		A1B01C5E2F1A000100000003 /* Screens.swift in Sources */ = {isa = PBXBuildFile; fileRef = A1B01C432F1A000100000003 /* Screens.swift */; };
		A1B01C5E2F1A000100000004 /* RakutenRewardManager.swift in Sources */ = {isa = PBXBuildFile; fileRef = A1B01C432F1A000100000004 /* RakutenRewardManager.swift */; };
		A1B01C5F2F1A000100000001 /* Assets.xcassets in Resources */ = {isa = PBXBuildFile; fileRef = A1B01C442F1A000100000004 /* Assets.xcassets */; };
		A1B01C5F2F1A000100000002 /* Preview Assets.xcassets in Resources */ = {isa = PBXBuildFile; fileRef = A1B01C462F1A000100000001 /* Preview Assets.xcassets */; };
		B20000012F1B000100000001 /* RakutenRewardSDK in Frameworks */ = {isa = PBXBuildFile; productRef = B20000022F1B000100000001 /* RakutenRewardSDK */; };
		B2099A0C2F1C010100000001 /* AdjustManager.swift in Sources */ = {isa = PBXBuildFile; fileRef = B2099A0B2F1C010100000001 /* AdjustManager.swift */; };
		B2099A102F1C010100000001 /* Adjust in Frameworks */ = {isa = PBXBuildFile; productRef = B2099A0F2F1C010100000001 /* Adjust */; };
		B2099A152F1C020100000001 /* TrackingAuthorizationManager.swift in Sources */ = {isa = PBXBuildFile; fileRef = B2099A142F1C020100000001 /* TrackingAuthorizationManager.swift */; };
/* End PBXBuildFile section */

/* Begin PBXFileReference section */
		A1B01C432F1A000100000001 /* SambaDeLadybugApp.swift */ = {isa = PBXFileReference; lastKnownFileType = sourcecode.swift; path = SambaDeLadybugApp.swift; sourceTree = "<group>"; };
		A1B01C432F1A000100000002 /* AppFlowViewModel.swift */ = {isa = PBXFileReference; lastKnownFileType = sourcecode.swift; path = AppFlowViewModel.swift; sourceTree = "<group>"; };
		A1B01C432F1A000100000003 /* Screens.swift */ = {isa = PBXFileReference; lastKnownFileType = sourcecode.swift; path = Screens.swift; sourceTree = "<group>"; };
		A1B01C432F1A000100000004 /* RakutenRewardManager.swift */ = {isa = PBXFileReference; lastKnownFileType = sourcecode.swift; path = RakutenRewardManager.swift; sourceTree = "<group>"; };
		A1B01C442F1A000100000004 /* Assets.xcassets */ = {isa = PBXFileReference; lastKnownFileType = folder.assetcatalog; path = Assets.xcassets; sourceTree = "<group>"; };
		A1B01C462F1A000100000001 /* Preview Assets.xcassets */ = {isa = PBXFileReference; lastKnownFileType = folder.assetcatalog; path = "Preview Assets.xcassets"; sourceTree = "<group>"; };
		A1B01C472F1A000100000001 /* Info.plist */ = {isa = PBXFileReference; lastKnownFileType = text.plist.xml; path = Info.plist; sourceTree = "<group>"; };
		A1B01C522F1A000100000001 /* SambaDeLadybug.app */ = {isa = PBXFileReference; explicitFileType = wrapper.application; includeInIndex = 0; path = SambaDeLadybug.app; sourceTree = BUILT_PRODUCTS_DIR; };
		B2099A0B2F1C010100000001 /* AdjustManager.swift */ = {isa = PBXFileReference; lastKnownFileType = sourcecode.swift; path = AdjustManager.swift; sourceTree = "<group>"; };
		B2099A142F1C020100000001 /* TrackingAuthorizationManager.swift */ = {isa = PBXFileReference; lastKnownFileType = sourcecode.swift; path = TrackingAuthorizationManager.swift; sourceTree = "<group>"; };
/* End PBXFileReference section */

/* Begin PBXFrameworksBuildPhase section */
		A1B01C582F1A000100000001 /* Frameworks */ = {
			isa = PBXFrameworksBuildPhase;
			buildActionMask = 2147483647;
			files = (
				B2099A102F1C010100000001 /* Adjust in Frameworks */,
				B20000012F1B000100000001 /* RakutenRewardSDK in Frameworks */,
			);
			runOnlyForDeploymentPostprocessing = 0;
		};
/* End PBXFrameworksBuildPhase section */

/* Begin PBXGroup section */
		A1B01C3F2F1A000100000001 = {
			isa = PBXGroup;
			children = (
				A1B01C402F1A000100000001 /* SambaDeLadybug */,
				A1B01C512F1A000100000001 /* Products */,
			);
			sourceTree = "<group>";
		};
		A1B01C402F1A000100000001 /* SambaDeLadybug */ = {
			isa = PBXGroup;
			children = (
				A1B01C432F1A000100000001 /* SambaDeLadybugApp.swift */,
				A1B01C432F1A000100000002 /* AppFlowViewModel.swift */,
				B2099A0B2F1C010100000001 /* AdjustManager.swift */,
				B2099A142F1C020100000001 /* TrackingAuthorizationManager.swift */,
				A1B01C432F1A000100000003 /* Screens.swift */,
				A1B01C432F1A000100000004 /* RakutenRewardManager.swift */,
				A1B01C442F1A000100000004 /* Assets.xcassets */,
				A1B01C452F1A000100000002 /* Preview Content */,
				A1B01C472F1A000100000001 /* Info.plist */,
			);
			path = SambaDeLadybug;
			sourceTree = "<group>";
		};
		A1B01C452F1A000100000002 /* Preview Content */ = {
			isa = PBXGroup;
			children = (
				A1B01C462F1A000100000001 /* Preview Assets.xcassets */,
			);
			path = "Preview Content";
			sourceTree = "<group>";
		};
		A1B01C512F1A000100000001 /* Products */ = {
			isa = PBXGroup;
			children = (
				A1B01C522F1A000100000001 /* SambaDeLadybug.app */,
			);
			name = Products;
			sourceTree = "<group>";
		};
/* End PBXGroup section */

/* Begin PBXNativeTarget section */
		A1B01C532F1A000100000001 /* SambaDeLadybug */ = {
			isa = PBXNativeTarget;
			buildConfigurationList = A1B01C612F1A000100000001 /* Build configuration list for PBXNativeTarget "SambaDeLadybug" */;
			buildPhases = (
				A1B01C572F1A000100000001 /* Sources */,
				A1B01C582F1A000100000001 /* Frameworks */,
				A1B01C592F1A000100000001 /* Resources */,
				B2D000102F1C050100000001 /* Copy RakutenReward dSYM */,
			);
			buildRules = (
			);
			dependencies = (
			);
			name = SambaDeLadybug;
			packageProductDependencies = (
				B2099A0F2F1C010100000001 /* Adjust */,
				B20000022F1B000100000001 /* RakutenRewardSDK */,
			);
			productName = SambaDeLadybug;
			productReference = A1B01C522F1A000100000001 /* SambaDeLadybug.app */;
			productType = "com.apple.product-type.application";
		};
/* End PBXNativeTarget section */

/* Begin PBXProject section */
		A1B01C412F1A000100000001 /* Project object */ = {
			isa = PBXProject;
			attributes = {
				BuildIndependentTargetsInParallel = YES;
				LastSwiftUpdateCheck = 1500;
				LastUpgradeCheck = 1500;
				TargetAttributes = {
					A1B01C532F1A000100000001 = {
						CreatedOnToolsVersion = 15.0;
					};
				};
			};
			buildConfigurationList = A1B01C562F1A000100000001 /* Build configuration list for PBXProject "SambaDeLadybug" */;
			compatibilityVersion = "Xcode 15.0";
			developmentRegion = en;
			hasScannedForEncodings = 0;
			knownRegions = (
				en,
				Base,
			);
			mainGroup = A1B01C3F2F1A000100000001;
			packageReferences = (
				B2099A112F1C010100000001 /* XCRemoteSwiftPackageReference "ios_sdk" */,
				B20000032F1B000100000001 /* XCRemoteSwiftPackageReference "Reward-SDK-iOS-SPM" */,
			);
			productRefGroup = A1B01C512F1A000100000001 /* Products */;
			projectDirPath = "";
			projectRoot = "";
			targets = (
				A1B01C532F1A000100000001 /* SambaDeLadybug */,
			);
		};
/* End PBXProject section */

/* Begin PBXResourcesBuildPhase section */
		A1B01C592F1A000100000001 /* Resources */ = {
			isa = PBXResourcesBuildPhase;
			buildActionMask = 2147483647;
			files = (
				A1B01C5F2F1A000100000001 /* Assets.xcassets in Resources */,
				A1B01C5F2F1A000100000002 /* Preview Assets.xcassets in Resources */,
			);
			runOnlyForDeploymentPostprocessing = 0;
		};
/* End PBXResourcesBuildPhase section */

/* Begin PBXShellScriptBuildPhase section */
		B2D000102F1C050100000001 /* Copy RakutenReward dSYM */ = {
			isa = PBXShellScriptBuildPhase;
			buildActionMask = 2147483647;
			files = (
			);
			inputFileListPaths = (
			);
			inputPaths = (
			);
			name = "Copy RakutenReward dSYM";
			outputFileListPaths = (
			);
			outputPaths = (
			);
			runOnlyForDeploymentPostprocessing = 0;
			shellPath = /bin/sh;
			shellScript = "FRAMEWORK_NAME=\"RakutenRewardSDK\"\nFRAMEWORK_EXEC=\"${BUILT_PRODUCTS_DIR}/${FRAMEWORKS_FOLDER_PATH}/${FRAMEWORK_NAME}.framework/${FRAMEWORK_NAME}\"\nDSYM_DEST=\"${DWARF_DSYM_FOLDER_PATH}/${FRAMEWORK_NAME}.framework.dSYM\"\n\nif [ -f \"${FRAMEWORK_EXEC}\" ]; then\n    rm -rf \"${DSYM_DEST}\"\n    mkdir -p \"${DWARF_DSYM_FOLDER_PATH}\"\n    dsymutil \"${FRAMEWORK_EXEC}\" -o \"${DSYM_DEST}\"\nelse\n    echo \"warning: Framework binary not found at ${FRAMEWORK_EXEC}\"\nfi\n";
		};
/* End PBXShellScriptBuildPhase section */

/* Begin PBXSourcesBuildPhase section */
		A1B01C572F1A000100000001 /* Sources */ = {
			isa = PBXSourcesBuildPhase;
			buildActionMask = 2147483647;
			files = (
				B2099A0C2F1C010100000001 /* AdjustManager.swift in Sources */,
				B2099A152F1C020100000001 /* TrackingAuthorizationManager.swift in Sources */,
				A1B01C5E2F1A000100000004 /* RakutenRewardManager.swift in Sources */,
				A1B01C5E2F1A000100000003 /* Screens.swift in Sources */,
				A1B01C5E2F1A000100000002 /* AppFlowViewModel.swift in Sources */,
				A1B01C5E2F1A000100000001 /* SambaDeLadybugApp.swift in Sources */,
			);
			runOnlyForDeploymentPostprocessing = 0;
		};
/* End PBXSourcesBuildPhase section */

/* Begin XCBuildConfiguration section */
		A1B01C5D2F1A000100000001 /* Debug */ = {
			isa = XCBuildConfiguration;
			buildSettings = {
				ALWAYS_SEARCH_USER_PATHS = NO;
				CLANG_ANALYZER_NONNULL = YES;
				CLANG_ANALYZER_NUMBER_OBJECT_CONVERSION = YES_AGGRESSIVE;
				CLANG_CXX_LANGUAGE_STANDARD = "gnu++20";
				CLANG_ENABLE_MODULES = YES;
				CLANG_ENABLE_OBJC_ARC = YES;
				CLANG_WARN_BLOCK_CAPTURE_AUTORELEASING = YES;
				CLANG_WARN_BOOL_CONVERSION = YES;
				CLANG_WARN_COMMA = YES;
				CLANG_WARN_CONSTANT_CONVERSION = YES;
				CLANG_WARN_DEPRECATED_OBJC_IMPLEMENTATIONS = YES;
				CLANG_WARN_DIRECT_OBJC_ISA_USAGE = YES_ERROR;
				CLANG_WARN_DOCUMENTATION_COMMENTS = YES;
				CLANG_WARN_EMPTY_BODY = YES;
				CLANG_WARN_ENUM_CONVERSION = YES;
				CLANG_WARN_INFINITE_RECURSION = YES;
				CLANG_WARN_INT_CONVERSION = YES;
				CLANG_WARN_NON_LITERAL_NULL_CONVERSION = YES;
				CLANG_WARN_OBJC_IMPLICIT_RETAIN_SELF = YES;
				CLANG_WARN_OBJC_LITERAL_CONVERSION = YES;
				CLANG_WARN_QUOTED_INCLUDE_IN_FRAMEWORK_HEADER = YES;
				CLANG_WARN_RANGE_LOOP_ANALYSIS = YES;
				CLANG_WARN_STRICT_PROTOTYPES = YES;
				CLANG_WARN_SUSPICIOUS_MOVE = YES;
				CLANG_WARN_UNGUARDED_AVAILABILITY = YES_AGGRESSIVE;
				CODE_SIGN_STYLE = Automatic;
				COPY_PHASE_STRIP = NO;
				DEBUG_INFORMATION_FORMAT = dwarf;
				ENABLE_STRICT_OBJC_MSGSEND = YES;
				ENABLE_TESTABILITY = YES;
				GCC_C_LANGUAGE_STANDARD = gnu17;
				GCC_DYNAMIC_NO_PIC = NO;
				GCC_NO_COMMON_BLOCKS = YES;
				GCC_OPTIMIZATION_LEVEL = 0;
				GCC_PREPROCESSOR_DEFINITIONS = (
					"DEBUG=1",
					"$(inherited)",
				);
				GCC_WARN_64_TO_32_BIT_CONVERSION = YES;
				GCC_WARN_ABOUT_RETURN_TYPE = YES_ERROR;
				GCC_WARN_UNDECLARED_SELECTOR = YES;
				GCC_WARN_UNINITIALIZED_AUTOS = YES_AGGRESSIVE;
				GCC_WARN_UNUSED_FUNCTION = YES;
				GCC_WARN_UNUSED_VARIABLE = YES;
				IPHONEOS_DEPLOYMENT_TARGET = 16.0;
				MTL_ENABLE_DEBUG_INFO = INCLUDE_SOURCE;
				ONLY_ACTIVE_ARCH = YES;
				SDKROOT = iphoneos;
				SWIFT_ACTIVE_COMPILATION_CONDITIONS = DEBUG;
				SWIFT_OPTIMIZATION_LEVEL = "-Onone";
			};
			name = Debug;
		};
		A1B01C5D2F1A000100000002 /* Release */ = {
			isa = XCBuildConfiguration;
			buildSettings = {
				ALWAYS_SEARCH_USER_PATHS = NO;
				CLANG_ANALYZER_NONNULL = YES;
				CLANG_ANALYZER_NUMBER_OBJECT_CONVERSION = YES_AGGRESSIVE;
				CLANG_CXX_LANGUAGE_STANDARD = "gnu++20";
				CLANG_ENABLE_MODULES = YES;
				CLANG_ENABLE_OBJC_ARC = YES;
				CLANG_WARN_BLOCK_CAPTURE_AUTORELEASING = YES;
				CLANG_WARN_BOOL_CONVERSION = YES;
				CLANG_WARN_COMMA = YES;
				CLANG_WARN_CONSTANT_CONVERSION = YES;
				CLANG_WARN_DEPRECATED_OBJC_IMPLEMENTATIONS = YES;
				CLANG_WARN_DIRECT_OBJC_ISA_USAGE = YES_ERROR;
				CLANG_WARN_DOCUMENTATION_COMMENTS = YES;
				CLANG_WARN_EMPTY_BODY = YES;
				CLANG_WARN_ENUM_CONVERSION = YES;
				CLANG_WARN_INFINITE_RECURSION = YES;
				CLANG_WARN_INT_CONVERSION = YES;
				CLANG_WARN_NON_LITERAL_NULL_CONVERSION = YES;
				CLANG_WARN_OBJC_IMPLICIT_RETAIN_SELF = YES;
				CLANG_WARN_OBJC_LITERAL_CONVERSION = YES;
				CLANG_WARN_QUOTED_INCLUDE_IN_FRAMEWORK_HEADER = YES;
				CLANG_WARN_RANGE_LOOP_ANALYSIS = YES;
				CLANG_WARN_STRICT_PROTOTYPES = YES;
				CLANG_WARN_SUSPICIOUS_MOVE = YES;
				CLANG_WARN_UNGUARDED_AVAILABILITY = YES_AGGRESSIVE;
				CODE_SIGN_STYLE = Automatic;
				COPY_PHASE_STRIP = NO;
				DEBUG_INFORMATION_FORMAT = "dwarf-with-dsym";
				ENABLE_NS_ASSERTIONS = NO;
				ENABLE_STRICT_OBJC_MSGSEND = YES;
				GCC_C_LANGUAGE_STANDARD = gnu17;
				GCC_NO_COMMON_BLOCKS = YES;
				GCC_WARN_64_TO_32_BIT_CONVERSION = YES;
				GCC_WARN_ABOUT_RETURN_TYPE = YES_ERROR;
				GCC_WARN_UNDECLARED_SELECTOR = YES;
				GCC_WARN_UNINITIALIZED_AUTOS = YES_AGGRESSIVE;
				GCC_WARN_UNUSED_FUNCTION = YES;
				GCC_WARN_UNUSED_VARIABLE = YES;
				IPHONEOS_DEPLOYMENT_TARGET = 16.0;
				MTL_ENABLE_DEBUG_INFO = NO;
				SDKROOT = iphoneos;
				SWIFT_COMPILATION_MODE = wholemodule;
				SWIFT_OPTIMIZATION_LEVEL = "-O";
			};
			name = Release;
		};
		A1B01C602F1A000100000001 /* Debug */ = {
			isa = XCBuildConfiguration;
			buildSettings = {
				ASSETCATALOG_COMPILER_APPICON_NAME = AppIcon;
				CODE_SIGN_IDENTITY = "Apple Development";
				CODE_SIGN_STYLE = Automatic;
				CURRENT_PROJECT_VERSION = 2;
				DEVELOPMENT_TEAM = Y9JJ3V7P98;
				GENERATE_INFOPLIST_FILE = NO;
				INFOPLIST_FILE = SambaDeLadybug/Info.plist;
				INFOPLIST_KEY_CFBundleDisplayName = "サンバ";
				IPHONEOS_DEPLOYMENT_TARGET = 16.0;
				LD_RUNPATH_SEARCH_PATHS = (
					"$(inherited)",
					"@executable_path/Frameworks",
				);
				MARKETING_VERSION = 1.0;
				PRODUCT_BUNDLE_IDENTIFIER = sanbadetento.app;
				PRODUCT_NAME = "$(TARGET_NAME)";
				PROVISIONING_PROFILE_SPECIFIER = "";
				SWIFT_EMIT_LOC_STRINGS = YES;
				SWIFT_VERSION = 5.0;
				TARGETED_DEVICE_FAMILY = 1;
			};
			name = Debug;
		};
		A1B01C602F1A000100000002 /* Release */ = {
			isa = XCBuildConfiguration;
			buildSettings = {
				ASSETCATALOG_COMPILER_APPICON_NAME = AppIcon;
				CODE_SIGN_IDENTITY = "Apple Development";
				CODE_SIGN_STYLE = Automatic;
				CURRENT_PROJECT_VERSION = 2;
				DEVELOPMENT_TEAM = Y9JJ3V7P98;
				GENERATE_INFOPLIST_FILE = NO;
				INFOPLIST_FILE = SambaDeLadybug/Info.plist;
				INFOPLIST_KEY_CFBundleDisplayName = "サンバ";
				IPHONEOS_DEPLOYMENT_TARGET = 16.0;
				LD_RUNPATH_SEARCH_PATHS = (
					"$(inherited)",
					"@executable_path/Frameworks",
				);
				MARKETING_VERSION = 1.0;
				PRODUCT_BUNDLE_IDENTIFIER = sanbadetento.app;
				PRODUCT_NAME = "$(TARGET_NAME)";
				PROVISIONING_PROFILE_SPECIFIER = "";
				SWIFT_EMIT_LOC_STRINGS = YES;
				SWIFT_VERSION = 5.0;
				TARGETED_DEVICE_FAMILY = 1;
			};
			name = Release;
		};
/* End XCBuildConfiguration section */

/* Begin XCConfigurationList section */
		A1B01C562F1A000100000001 /* Build configuration list for PBXProject "SambaDeLadybug" */ = {
			isa = XCConfigurationList;
			buildConfigurations = (
				A1B01C5D2F1A000100000001 /* Debug */,
				A1B01C5D2F1A000100000002 /* Release */,
			);
			defaultConfigurationIsVisible = 0;
			defaultConfigurationName = Release;
		};
		A1B01C612F1A000100000001 /* Build configuration list for PBXNativeTarget "SambaDeLadybug" */ = {
			isa = XCConfigurationList;
			buildConfigurations = (
				A1B01C602F1A000100000001 /* Debug */,
				A1B01C602F1A000100000002 /* Release */,
			);
			defaultConfigurationIsVisible = 0;
			defaultConfigurationName = Release;
		};
/* End XCConfigurationList section */

/* Begin XCRemoteSwiftPackageReference section */
		B20000032F1B000100000001 /* XCRemoteSwiftPackageReference "Reward-SDK-iOS-SPM" */ = {
			isa = XCRemoteSwiftPackageReference;
			repositoryURL = "https://github.com/Rakuten-Reward-SDK/Reward-SDK-iOS-SPM.git";
			requirement = {
				kind = exactVersion;
				version = 12.0.0;
			};
		};
		B2099A112F1C010100000001 /* XCRemoteSwiftPackageReference "ios_sdk" */ = {
			isa = XCRemoteSwiftPackageReference;
			repositoryURL = "https://github.com/adjust/ios_sdk.git";
			requirement = {
				kind = upToNextMajorVersion;
				minimumVersion = 4.38.0;
			};
		};
/* End XCRemoteSwiftPackageReference section */

/* Begin XCSwiftPackageProductDependency section */
		B20000022F1B000100000001 /* RakutenRewardSDK */ = {
			isa = XCSwiftPackageProductDependency;
			package = B20000032F1B000100000001 /* XCRemoteSwiftPackageReference "Reward-SDK-iOS-SPM" */;
			productName = RakutenRewardSDK;
		};
		B2099A0F2F1C010100000001 /* Adjust */ = {
			isa = XCSwiftPackageProductDependency;
			package = B2099A112F1C010100000001 /* XCRemoteSwiftPackageReference "ios_sdk" */;
			productName = Adjust;
		};
/* End XCSwiftPackageProductDependency section */
	};
	rootObject = A1B01C412F1A000100000001 /* Project object */;
}
